// !$*UTF8*$!
{
	archiveVersion = 1;
	classes = {
	};
	objectVersion = 46;
	objects = {

/* Begin PBXBuildFile section */
		44299A5E1B65111F000780DC /* LayerTestViewController.m in Sources */ = {isa = PBXBuildFile; fileRef = 44299A5D1B65111F000780DC /* LayerTestViewController.m */; };
		443A12701B2DC30B0022C5E5 /* main.m in Sources */ = {isa = PBXBuildFile; fileRef = 443A126F1B2DC30B0022C5E5 /* main.m */; };
		443A12731B2DC30B0022C5E5 /* AppDelegate.m in Sources */ = {isa = PBXBuildFile; fileRef = 443A12721B2DC30B0022C5E5 /* AppDelegate.m */; };
		443A12761B2DC30B0022C5E5 /* ViewController.m in Sources */ = {isa = PBXBuildFile; fileRef = 443A12751B2DC30B0022C5E5 /* ViewController.m */; };
		443A12791B2DC30B0022C5E5 /* Main.storyboard in Resources */ = {isa = PBXBuildFile; fileRef = 443A12771B2DC30B0022C5E5 /* Main.storyboard */; };
		443A127B1B2DC30B0022C5E5 /* Images.xcassets in Resources */ = {isa = PBXBuildFile; fileRef = 443A127A1B2DC30B0022C5E5 /* Images.xcassets */; };
		443A127E1B2DC30B0022C5E5 /* LaunchScreen.xib in Resources */ = {isa = PBXBuildFile; fileRef = 443A127C1B2DC30B0022C5E5 /* LaunchScreen.xib */; };
		443A128A1B2DC30B0022C5E5 /* CodeDemoTests.m in Sources */ = {isa = PBXBuildFile; fileRef = 443A12891B2DC30B0022C5E5 /* CodeDemoTests.m */; };
		4476E0D91B3FA45400B2E62A /* MainTableViewController.m in Sources */ = {isa = PBXBuildFile; fileRef = 4476E0D81B3FA45400B2E62A /* MainTableViewController.m */; };
		4476E0DB1B3FB3A800B2E62A /* MainMenu.plist in Resources */ = {isa = PBXBuildFile; fileRef = 4476E0DA1B3FB3A800B2E62A /* MainMenu.plist */; };
		4476E0DF1B40B4A300B2E62A /* AnimationsExplainedViewController.m in Sources */ = {isa = PBXBuildFile; fileRef = 4476E0DE1B40B4A300B2E62A /* AnimationsExplainedViewController.m */; };
		447D9C3B1B89FF2200CB83AC /* FrameAndBoundsDemoViewController.m in Sources */ = {isa = PBXBuildFile; fileRef = 447D9C3A1B89FF2200CB83AC /* FrameAndBoundsDemoViewController.m */; };
		44B97CD31B5D403600AABFFB /* RuntimeDemoViewController.m in Sources */ = {isa = PBXBuildFile; fileRef = 44B97CD21B5D403600AABFFB /* RuntimeDemoViewController.m */; };
		44DD577F1B496BF8009FAE15 /* rocket.jpg in Resources */ = {isa = PBXBuildFile; fileRef = 44DD577E1B496BF8009FAE15 /* rocket.jpg */; };
		44DD57821B4C0AA5009FAE15 /* CAShapeLayerDrawingViewController.m in Sources */ = {isa = PBXBuildFile; fileRef = 44DD57811B4C0AA5009FAE15 /* CAShapeLayerDrawingViewController.m */; };
		44DD57841B4C114B009FAE15 /* noun_project_347_2.png in Resources */ = {isa = PBXBuildFile; fileRef = 44DD57831B4C114B009FAE15 /* noun_project_347_2.png */; };
		44DD57881B4C1986009FAE15 /* LowLevelConcurrencyAPIController.m in Sources */ = {isa = PBXBuildFile; fileRef = 44DD57871B4C1986009FAE15 /* LowLevelConcurrencyAPIController.m */; };
		44F2D3BE1C0407B400E1939C /* ImageInModuleViewController.m in Sources */ = {isa = PBXBuildFile; fileRef = 44F2D3BD1C0407B400E1939C /* ImageInModuleViewController.m */; };
		44F2D3C81C0412FF00E1939C /* ImageTool.m in Sources */ = {isa = PBXBuildFile; fileRef = 44F2D3C71C0412FF00E1939C /* ImageTool.m */; };
		44F2D3CD1C043F6000E1939C /* libStaticLibraryDemo.a in Frameworks */ = {isa = PBXBuildFile; fileRef = 44F2D3CB1C043CB400E1939C /* libStaticLibraryDemo.a */; };
		44F2D3D71C0448D300E1939C /* DynamicFrameworkDemo.framework in Frameworks */ = {isa = PBXBuildFile; fileRef = 44F2D3D61C0448D300E1939C /* DynamicFrameworkDemo.framework */; };
		44F2D3D81C0448D300E1939C /* DynamicFrameworkDemo.framework in Embed Frameworks */ = {isa = PBXBuildFile; fileRef = 44F2D3D61C0448D300E1939C /* DynamicFrameworkDemo.framework */; settings = {ATTRIBUTES = (CodeSignOnCopy, RemoveHeadersOnCopy, ); }; };
		44F2D4391C04764A00E1939C /* StaticFrameworkResource.bundle in Resources */ = {isa = PBXBuildFile; fileRef = 44F2D4381C04764A00E1939C /* StaticFrameworkResource.bundle */; };
		44F2D43D1C0476DE00E1939C /* StaticLibraryResource.bundle in Resources */ = {isa = PBXBuildFile; fileRef = 44F2D43C1C0476DE00E1939C /* StaticLibraryResource.bundle */; };
		546C3988C228887F6CDEB4B1 /* libPods.a in Frameworks */ = {isa = PBXBuildFile; fileRef = A238E8F033300F4436A3129A /* libPods.a */; };
/* End PBXBuildFile section */

/* Begin PBXContainerItemProxy section */
		443A12841B2DC30B0022C5E5 /* PBXContainerItemProxy */ = {
			isa = PBXContainerItemProxy;
			containerPortal = 443A12621B2DC30B0022C5E5 /* Project object */;
			proxyType = 1;
			remoteGlobalIDString = 443A12691B2DC30B0022C5E5;
			remoteInfo = CodeDemo;
		};
/* End PBXContainerItemProxy section */

/* Begin PBXCopyFilesBuildPhase section */
		44F2D3D91C0448D400E1939C /* Embed Frameworks */ = {
			isa = PBXCopyFilesBuildPhase;
			buildActionMask = 2147483647;
			dstPath = "";
			dstSubfolderSpec = 10;
			files = (
				44F2D3D81C0448D300E1939C /* DynamicFrameworkDemo.framework in Embed Frameworks */,
			);
			name = "Embed Frameworks";
			runOnlyForDeploymentPostprocessing = 0;
		};
/* End PBXCopyFilesBuildPhase section */

/* Begin PBXFileReference section */
		26E9E7BBC3BBE5BFFE65BCEF /* Pods.debug.xcconfig */ = {isa = PBXFileReference; includeInIndex = 1; lastKnownFileType = text.xcconfig; name = Pods.debug.xcconfig; path = "Pods/Target Support Files/Pods/Pods.debug.xcconfig"; sourceTree = "<group>"; };
		44299A5C1B65111F000780DC /* LayerTestViewController.h */ = {isa = PBXFileReference; fileEncoding = 4; lastKnownFileType = sourcecode.c.h; path = LayerTestViewController.h; sourceTree = "<group>"; };
		44299A5D1B65111F000780DC /* LayerTestViewController.m */ = {isa = PBXFileReference; fileEncoding = 4; lastKnownFileType = sourcecode.c.objc; path = LayerTestViewController.m; sourceTree = "<group>"; };
		443A126A1B2DC30B0022C5E5 /* CodeDemo.app */ = {isa = PBXFileReference; explicitFileType = wrapper.application; includeInIndex = 0; path = CodeDemo.app; sourceTree = BUILT_PRODUCTS_DIR; };
		443A126E1B2DC30B0022C5E5 /* Info.plist */ = {isa = PBXFileReference; lastKnownFileType = text.plist.xml; path = Info.plist; sourceTree = "<group>"; };
		443A126F1B2DC30B0022C5E5 /* main.m */ = {isa = PBXFileReference; lastKnownFileType = sourcecode.c.objc; path = main.m; sourceTree = "<group>"; };
		443A12711B2DC30B0022C5E5 /* AppDelegate.h */ = {isa = PBXFileReference; lastKnownFileType = sourcecode.c.h; path = AppDelegate.h; sourceTree = "<group>"; };
		443A12721B2DC30B0022C5E5 /* AppDelegate.m */ = {isa = PBXFileReference; lastKnownFileType = sourcecode.c.objc; path = AppDelegate.m; sourceTree = "<group>"; };
		443A12741B2DC30B0022C5E5 /* ViewController.h */ = {isa = PBXFileReference; lastKnownFileType = sourcecode.c.h; path = ViewController.h; sourceTree = "<group>"; };
		443A12751B2DC30B0022C5E5 /* ViewController.m */ = {isa = PBXFileReference; lastKnownFileType = sourcecode.c.objc; path = ViewController.m; sourceTree = "<group>"; };
		443A12781B2DC30B0022C5E5 /* Base */ = {isa = PBXFileReference; lastKnownFileType = file.storyboard; name = Base; path = Base.lproj/Main.storyboard; sourceTree = "<group>"; };
		443A127A1B2DC30B0022C5E5 /* Images.xcassets */ = {isa = PBXFileReference; lastKnownFileType = folder.assetcatalog; path = Images.xcassets; sourceTree = "<group>"; };
		443A127D1B2DC30B0022C5E5 /* Base */ = {isa = PBXFileReference; lastKnownFileType = file.xib; name = Base; path = Base.lproj/LaunchScreen.xib; sourceTree = "<group>"; };
		443A12831B2DC30B0022C5E5 /* CodeDemoTests.xctest */ = {isa = PBXFileReference; explicitFileType = wrapper.cfbundle; includeInIndex = 0; path = CodeDemoTests.xctest; sourceTree = BUILT_PRODUCTS_DIR; };
		443A12881B2DC30B0022C5E5 /* Info.plist */ = {isa = PBXFileReference; lastKnownFileType = text.plist.xml; path = Info.plist; sourceTree = "<group>"; };
		443A12891B2DC30B0022C5E5 /* CodeDemoTests.m */ = {isa = PBXFileReference; lastKnownFileType = sourcecode.c.objc; path = CodeDemoTests.m; sourceTree = "<group>"; };
		4476E0D71B3FA45400B2E62A /* MainTableViewController.h */ = {isa = PBXFileReference; fileEncoding = 4; lastKnownFileType = sourcecode.c.h; path = MainTableViewController.h; sourceTree = "<group>"; };
		4476E0D81B3FA45400B2E62A /* MainTableViewController.m */ = {isa = PBXFileReference; fileEncoding = 4; lastKnownFileType = sourcecode.c.objc; path = MainTableViewController.m; sourceTree = "<group>"; };
		4476E0DA1B3FB3A800B2E62A /* MainMenu.plist */ = {isa = PBXFileReference; fileEncoding = 4; lastKnownFileType = text.plist.xml; path = MainMenu.plist; sourceTree = "<group>"; };
		4476E0DD1B40B4A300B2E62A /* AnimationsExplainedViewController.h */ = {isa = PBXFileReference; fileEncoding = 4; lastKnownFileType = sourcecode.c.h; path = AnimationsExplainedViewController.h; sourceTree = "<group>"; };
		4476E0DE1B40B4A300B2E62A /* AnimationsExplainedViewController.m */ = {isa = PBXFileReference; fileEncoding = 4; lastKnownFileType = sourcecode.c.objc; path = AnimationsExplainedViewController.m; sourceTree = "<group>"; };
		447D9C391B89FF2200CB83AC /* FrameAndBoundsDemoViewController.h */ = {isa = PBXFileReference; fileEncoding = 4; lastKnownFileType = sourcecode.c.h; path = FrameAndBoundsDemoViewController.h; sourceTree = "<group>"; };
		447D9C3A1B89FF2200CB83AC /* FrameAndBoundsDemoViewController.m */ = {isa = PBXFileReference; fileEncoding = 4; lastKnownFileType = sourcecode.c.objc; path = FrameAndBoundsDemoViewController.m; sourceTree = "<group>"; };
		448A5BB02C28786A80C03A7B /* Pods.release.xcconfig */ = {isa = PBXFileReference; includeInIndex = 1; lastKnownFileType = text.xcconfig; name = Pods.release.xcconfig; path = "Pods/Target Support Files/Pods/Pods.release.xcconfig"; sourceTree = "<group>"; };
		44B97C2A1B5D208600AABFFB /* APPLE_LICENSE */ = {isa = PBXFileReference; lastKnownFileType = text; path = APPLE_LICENSE; sourceTree = "<group>"; };
		44B97C2E1B5D208600AABFFB /* CFApplicationPreferences.c */ = {isa = PBXFileReference; lastKnownFileType = sourcecode.c.c; path = CFApplicationPreferences.c; sourceTree = "<group>"; };
		44B97C2F1B5D208600AABFFB /* CFArray.c */ = {isa = PBXFileReference; lastKnownFileType = sourcecode.c.c; path = CFArray.c; sourceTree = "<group>"; };
		44B97C301B5D208600AABFFB /* CFArray.h */ = {isa = PBXFileReference; lastKnownFileType = sourcecode.c.h; path = CFArray.h; sourceTree = "<group>"; };
		44B97C311B5D208600AABFFB /* CFAvailability.h */ = {isa = PBXFileReference; lastKnownFileType = sourcecode.c.h; path = CFAvailability.h; sourceTree = "<group>"; };
		44B97C321B5D208600AABFFB /* CFBag.c */ = {isa = PBXFileReference; lastKnownFileType = sourcecode.c.c; path = CFBag.c; sourceTree = "<group>"; };
		44B97C331B5D208600AABFFB /* CFBag.h */ = {isa = PBXFileReference; lastKnownFileType = sourcecode.c.h; path = CFBag.h; sourceTree = "<group>"; };
		44B97C341B5D208600AABFFB /* CFBase.c */ = {isa = PBXFileReference; lastKnownFileType = sourcecode.c.c; path = CFBase.c; sourceTree = "<group>"; };
		44B97C351B5D208600AABFFB /* CFBase.h */ = {isa = PBXFileReference; lastKnownFileType = sourcecode.c.h; path = CFBase.h; sourceTree = "<group>"; };
		44B97C361B5D208600AABFFB /* CFBasicHash.c */ = {isa = PBXFileReference; lastKnownFileType = sourcecode.c.c; path = CFBasicHash.c; sourceTree = "<group>"; };
		44B97C371B5D208600AABFFB /* CFBasicHash.h */ = {isa = PBXFileReference; lastKnownFileType = sourcecode.c.h; path = CFBasicHash.h; sourceTree = "<group>"; };
		44B97C381B5D208600AABFFB /* CFBasicHashFindBucket.m */ = {isa = PBXFileReference; lastKnownFileType = sourcecode.c.objc; path = CFBasicHashFindBucket.m; sourceTree = "<group>"; };
		44B97C391B5D208600AABFFB /* CFBigNumber.c */ = {isa = PBXFileReference; lastKnownFileType = sourcecode.c.c; path = CFBigNumber.c; sourceTree = "<group>"; };
		44B97C3A1B5D208600AABFFB /* CFBigNumber.h */ = {isa = PBXFileReference; lastKnownFileType = sourcecode.c.h; path = CFBigNumber.h; sourceTree = "<group>"; };
		44B97C3B1B5D208600AABFFB /* CFBinaryHeap.c */ = {isa = PBXFileReference; lastKnownFileType = sourcecode.c.c; path = CFBinaryHeap.c; sourceTree = "<group>"; };
		44B97C3C1B5D208600AABFFB /* CFBinaryHeap.h */ = {isa = PBXFileReference; lastKnownFileType = sourcecode.c.h; path = CFBinaryHeap.h; sourceTree = "<group>"; };
		44B97C3D1B5D208600AABFFB /* CFBinaryPList.c */ = {isa = PBXFileReference; lastKnownFileType = sourcecode.c.c; path = CFBinaryPList.c; sourceTree = "<group>"; };
		44B97C3E1B5D208600AABFFB /* CFBitVector.c */ = {isa = PBXFileReference; lastKnownFileType = sourcecode.c.c; path = CFBitVector.c; sourceTree = "<group>"; };
		44B97C3F1B5D208600AABFFB /* CFBitVector.h */ = {isa = PBXFileReference; lastKnownFileType = sourcecode.c.h; path = CFBitVector.h; sourceTree = "<group>"; };
		44B97C401B5D208600AABFFB /* CFBuiltinConverters.c */ = {isa = PBXFileReference; lastKnownFileType = sourcecode.c.c; path = CFBuiltinConverters.c; sourceTree = "<group>"; };
		44B97C411B5D208600AABFFB /* CFBundle_BinaryTypes.h */ = {isa = PBXFileReference; lastKnownFileType = sourcecode.c.h; path = CFBundle_BinaryTypes.h; sourceTree = "<group>"; };
		44B97C421B5D208600AABFFB /* CFBundle_InfoPlist.c */ = {isa = PBXFileReference; lastKnownFileType = sourcecode.c.c; path = CFBundle_InfoPlist.c; sourceTree = "<group>"; };
		44B97C431B5D208600AABFFB /* CFBundle_Internal.h */ = {isa = PBXFileReference; lastKnownFileType = sourcecode.c.h; path = CFBundle_Internal.h; sourceTree = "<group>"; };
		44B97C441B5D208600AABFFB /* CFBundle_Resources.c */ = {isa = PBXFileReference; lastKnownFileType = sourcecode.c.c; path = CFBundle_Resources.c; sourceTree = "<group>"; };
		44B97C451B5D208600AABFFB /* CFBundle.c */ = {isa = PBXFileReference; lastKnownFileType = sourcecode.c.c; path = CFBundle.c; sourceTree = "<group>"; };
		44B97C461B5D208600AABFFB /* CFBundle.h */ = {isa = PBXFileReference; lastKnownFileType = sourcecode.c.h; path = CFBundle.h; sourceTree = "<group>"; };
		44B97C471B5D208600AABFFB /* CFBundlePriv.h */ = {isa = PBXFileReference; lastKnownFileType = sourcecode.c.h; path = CFBundlePriv.h; sourceTree = "<group>"; };
		44B97C481B5D208600AABFFB /* CFBurstTrie.c */ = {isa = PBXFileReference; lastKnownFileType = sourcecode.c.c; path = CFBurstTrie.c; sourceTree = "<group>"; };
		44B97C491B5D208600AABFFB /* CFBurstTrie.h */ = {isa = PBXFileReference; lastKnownFileType = sourcecode.c.h; path = CFBurstTrie.h; sourceTree = "<group>"; };
		44B97C4A1B5D208600AABFFB /* CFByteOrder.h */ = {isa = PBXFileReference; lastKnownFileType = sourcecode.c.h; path = CFByteOrder.h; sourceTree = "<group>"; };
		44B97C4B1B5D208600AABFFB /* CFCalendar.c */ = {isa = PBXFileReference; lastKnownFileType = sourcecode.c.c; path = CFCalendar.c; sourceTree = "<group>"; };
		44B97C4C1B5D208600AABFFB /* CFCalendar.h */ = {isa = PBXFileReference; lastKnownFileType = sourcecode.c.h; path = CFCalendar.h; sourceTree = "<group>"; };
		44B97C4D1B5D208600AABFFB /* CFCharacterSet.c */ = {isa = PBXFileReference; lastKnownFileType = sourcecode.c.c; path = CFCharacterSet.c; sourceTree = "<group>"; };
		44B97C4E1B5D208600AABFFB /* CFCharacterSet.h */ = {isa = PBXFileReference; lastKnownFileType = sourcecode.c.h; path = CFCharacterSet.h; sourceTree = "<group>"; };
		44B97C4F1B5D208600AABFFB /* CFCharacterSetBitmaps.bitmap */ = {isa = PBXFileReference; lastKnownFileType = file; path = CFCharacterSetBitmaps.bitmap; sourceTree = "<group>"; };
		44B97C501B5D208600AABFFB /* CFCharacterSetPriv.h */ = {isa = PBXFileReference; lastKnownFileType = sourcecode.c.h; path = CFCharacterSetPriv.h; sourceTree = "<group>"; };
		44B97C511B5D208600AABFFB /* CFConcreteStreams.c */ = {isa = PBXFileReference; lastKnownFileType = sourcecode.c.c; path = CFConcreteStreams.c; sourceTree = "<group>"; };
		44B97C521B5D208600AABFFB /* CFData.c */ = {isa = PBXFileReference; lastKnownFileType = sourcecode.c.c; path = CFData.c; sourceTree = "<group>"; };
		44B97C531B5D208600AABFFB /* CFData.h */ = {isa = PBXFileReference; lastKnownFileType = sourcecode.c.h; path = CFData.h; sourceTree = "<group>"; };
		44B97C541B5D208600AABFFB /* CFDate.c */ = {isa = PBXFileReference; lastKnownFileType = sourcecode.c.c; path = CFDate.c; sourceTree = "<group>"; };
		44B97C551B5D208600AABFFB /* CFDate.h */ = {isa = PBXFileReference; lastKnownFileType = sourcecode.c.h; path = CFDate.h; sourceTree = "<group>"; };
		44B97C561B5D208600AABFFB /* CFDateFormatter.c */ = {isa = PBXFileReference; lastKnownFileType = sourcecode.c.c; path = CFDateFormatter.c; sourceTree = "<group>"; };
		44B97C571B5D208600AABFFB /* CFDateFormatter.h */ = {isa = PBXFileReference; lastKnownFileType = sourcecode.c.h; path = CFDateFormatter.h; sourceTree = "<group>"; };
		44B97C581B5D208600AABFFB /* CFDictionary.c */ = {isa = PBXFileReference; lastKnownFileType = sourcecode.c.c; path = CFDictionary.c; sourceTree = "<group>"; };
		44B97C591B5D208600AABFFB /* CFDictionary.h */ = {isa = PBXFileReference; lastKnownFileType = sourcecode.c.h; path = CFDictionary.h; sourceTree = "<group>"; };
		44B97C5A1B5D208600AABFFB /* CFError_Private.h */ = {isa = PBXFileReference; lastKnownFileType = sourcecode.c.h; path = CFError_Private.h; sourceTree = "<group>"; };
		44B97C5B1B5D208600AABFFB /* CFError.c */ = {isa = PBXFileReference; lastKnownFileType = sourcecode.c.c; path = CFError.c; sourceTree = "<group>"; };
		44B97C5C1B5D208600AABFFB /* CFError.h */ = {isa = PBXFileReference; lastKnownFileType = sourcecode.c.h; path = CFError.h; sourceTree = "<group>"; };
		44B97C5D1B5D208600AABFFB /* CFFileUtilities.c */ = {isa = PBXFileReference; lastKnownFileType = sourcecode.c.c; path = CFFileUtilities.c; sourceTree = "<group>"; };
		44B97C5E1B5D208600AABFFB /* CFICUConverters.c */ = {isa = PBXFileReference; lastKnownFileType = sourcecode.c.c; path = CFICUConverters.c; sourceTree = "<group>"; };
		44B97C5F1B5D208600AABFFB /* CFICUConverters.h */ = {isa = PBXFileReference; lastKnownFileType = sourcecode.c.h; path = CFICUConverters.h; sourceTree = "<group>"; };
		44B97C601B5D208600AABFFB /* CFICULogging.h */ = {isa = PBXFileReference; lastKnownFileType = sourcecode.c.h; path = CFICULogging.h; sourceTree = "<group>"; };
		44B97C611B5D208600AABFFB /* CFInternal.h */ = {isa = PBXFileReference; lastKnownFileType = sourcecode.c.h; path = CFInternal.h; sourceTree = "<group>"; };
		44B97C621B5D208600AABFFB /* CFLocale.c */ = {isa = PBXFileReference; lastKnownFileType = sourcecode.c.c; path = CFLocale.c; sourceTree = "<group>"; };
		44B97C631B5D208600AABFFB /* CFLocale.h */ = {isa = PBXFileReference; lastKnownFileType = sourcecode.c.h; path = CFLocale.h; sourceTree = "<group>"; };
		44B97C641B5D208600AABFFB /* CFLocaleIdentifier.c */ = {isa = PBXFileReference; lastKnownFileType = sourcecode.c.c; path = CFLocaleIdentifier.c; sourceTree = "<group>"; };
		44B97C651B5D208600AABFFB /* CFLocaleInternal.h */ = {isa = PBXFileReference; lastKnownFileType = sourcecode.c.h; path = CFLocaleInternal.h; sourceTree = "<group>"; };
		44B97C661B5D208600AABFFB /* CFLocaleKeys.c */ = {isa = PBXFileReference; lastKnownFileType = sourcecode.c.c; path = CFLocaleKeys.c; sourceTree = "<group>"; };
		44B97C671B5D208600AABFFB /* CFLogUtilities.h */ = {isa = PBXFileReference; lastKnownFileType = sourcecode.c.h; path = CFLogUtilities.h; sourceTree = "<group>"; };
		44B97C681B5D208600AABFFB /* CFMachPort.c */ = {isa = PBXFileReference; lastKnownFileType = sourcecode.c.c; path = CFMachPort.c; sourceTree = "<group>"; };
		44B97C691B5D208600AABFFB /* CFMachPort.h */ = {isa = PBXFileReference; lastKnownFileType = sourcecode.c.h; path = CFMachPort.h; sourceTree = "<group>"; };
		44B97C6A1B5D208600AABFFB /* CFMessagePort.c */ = {isa = PBXFileReference; lastKnownFileType = sourcecode.c.c; path = CFMessagePort.c; sourceTree = "<group>"; };
		44B97C6B1B5D208600AABFFB /* CFMessagePort.h */ = {isa = PBXFileReference; lastKnownFileType = sourcecode.c.h; path = CFMessagePort.h; sourceTree = "<group>"; };
		44B97C6C1B5D208600AABFFB /* CFNumber.c */ = {isa = PBXFileReference; lastKnownFileType = sourcecode.c.c; path = CFNumber.c; sourceTree = "<group>"; };
		44B97C6D1B5D208600AABFFB /* CFNumber.h */ = {isa = PBXFileReference; lastKnownFileType = sourcecode.c.h; path = CFNumber.h; sourceTree = "<group>"; };
		44B97C6E1B5D208600AABFFB /* CFNumberFormatter.c */ = {isa = PBXFileReference; lastKnownFileType = sourcecode.c.c; path = CFNumberFormatter.c; sourceTree = "<group>"; };
		44B97C6F1B5D208600AABFFB /* CFNumberFormatter.h */ = {isa = PBXFileReference; lastKnownFileType = sourcecode.c.h; path = CFNumberFormatter.h; sourceTree = "<group>"; };
		44B97C701B5D208600AABFFB /* CFOldStylePList.c */ = {isa = PBXFileReference; lastKnownFileType = sourcecode.c.c; path = CFOldStylePList.c; sourceTree = "<group>"; };
		44B97C711B5D208600AABFFB /* CFPlatform.c */ = {isa = PBXFileReference; lastKnownFileType = sourcecode.c.c; path = CFPlatform.c; sourceTree = "<group>"; };
		44B97C721B5D208600AABFFB /* CFPlatformConverters.c */ = {isa = PBXFileReference; lastKnownFileType = sourcecode.c.c; path = CFPlatformConverters.c; sourceTree = "<group>"; };
		44B97C731B5D208600AABFFB /* CFPlugIn_Factory.c */ = {isa = PBXFileReference; lastKnownFileType = sourcecode.c.c; path = CFPlugIn_Factory.c; sourceTree = "<group>"; };
		44B97C741B5D208600AABFFB /* CFPlugIn_Factory.h */ = {isa = PBXFileReference; lastKnownFileType = sourcecode.c.h; path = CFPlugIn_Factory.h; sourceTree = "<group>"; };
		44B97C751B5D208600AABFFB /* CFPlugIn_Instance.c */ = {isa = PBXFileReference; lastKnownFileType = sourcecode.c.c; path = CFPlugIn_Instance.c; sourceTree = "<group>"; };
		44B97C761B5D208600AABFFB /* CFPlugIn_PlugIn.c */ = {isa = PBXFileReference; lastKnownFileType = sourcecode.c.c; path = CFPlugIn_PlugIn.c; sourceTree = "<group>"; };
		44B97C771B5D208600AABFFB /* CFPlugIn.c */ = {isa = PBXFileReference; lastKnownFileType = sourcecode.c.c; path = CFPlugIn.c; sourceTree = "<group>"; };
		44B97C781B5D208600AABFFB /* CFPlugIn.h */ = {isa = PBXFileReference; lastKnownFileType = sourcecode.c.h; path = CFPlugIn.h; sourceTree = "<group>"; };
		44B97C791B5D208600AABFFB /* CFPlugInCOM.h */ = {isa = PBXFileReference; lastKnownFileType = sourcecode.c.h; path = CFPlugInCOM.h; sourceTree = "<group>"; };
		44B97C7A1B5D208600AABFFB /* CFPreferences.c */ = {isa = PBXFileReference; lastKnownFileType = sourcecode.c.c; path = CFPreferences.c; sourceTree = "<group>"; };
		44B97C7B1B5D208600AABFFB /* CFPreferences.h */ = {isa = PBXFileReference; lastKnownFileType = sourcecode.c.h; path = CFPreferences.h; sourceTree = "<group>"; };
		44B97C7C1B5D208600AABFFB /* CFPriv.h */ = {isa = PBXFileReference; lastKnownFileType = sourcecode.c.h; path = CFPriv.h; sourceTree = "<group>"; };
		44B97C7D1B5D208600AABFFB /* CFPropertyList.c */ = {isa = PBXFileReference; lastKnownFileType = sourcecode.c.c; path = CFPropertyList.c; sourceTree = "<group>"; };
		44B97C7E1B5D208600AABFFB /* CFPropertyList.h */ = {isa = PBXFileReference; lastKnownFileType = sourcecode.c.h; path = CFPropertyList.h; sourceTree = "<group>"; };
		44B97C7F1B5D208600AABFFB /* CFRunLoop.c */ = {isa = PBXFileReference; lastKnownFileType = sourcecode.c.c; path = CFRunLoop.c; sourceTree = "<group>"; };
		44B97C801B5D208600AABFFB /* CFRunLoop.h */ = {isa = PBXFileReference; lastKnownFileType = sourcecode.c.h; path = CFRunLoop.h; sourceTree = "<group>"; };
		44B97C811B5D208600AABFFB /* CFRuntime.c */ = {isa = PBXFileReference; lastKnownFileType = sourcecode.c.c; path = CFRuntime.c; sourceTree = "<group>"; };
		44B97C821B5D208600AABFFB /* CFRuntime.h */ = {isa = PBXFileReference; lastKnownFileType = sourcecode.c.h; path = CFRuntime.h; sourceTree = "<group>"; };
		44B97C831B5D208600AABFFB /* CFSet.c */ = {isa = PBXFileReference; lastKnownFileType = sourcecode.c.c; path = CFSet.c; sourceTree = "<group>"; };
		44B97C841B5D208600AABFFB /* CFSet.h */ = {isa = PBXFileReference; lastKnownFileType = sourcecode.c.h; path = CFSet.h; sourceTree = "<group>"; };
		44B97C851B5D208600AABFFB /* CFSocket.c */ = {isa = PBXFileReference; lastKnownFileType = sourcecode.c.c; path = CFSocket.c; sourceTree = "<group>"; };
		44B97C861B5D208600AABFFB /* CFSocket.h */ = {isa = PBXFileReference; lastKnownFileType = sourcecode.c.h; path = CFSocket.h; sourceTree = "<group>"; };
		44B97C871B5D208600AABFFB /* CFSocketStream.c */ = {isa = PBXFileReference; lastKnownFileType = sourcecode.c.c; path = CFSocketStream.c; sourceTree = "<group>"; };
		44B97C881B5D208600AABFFB /* CFSortFunctions.c */ = {isa = PBXFileReference; lastKnownFileType = sourcecode.c.c; path = CFSortFunctions.c; sourceTree = "<group>"; };
		44B97C891B5D208600AABFFB /* CFStorage.c */ = {isa = PBXFileReference; lastKnownFileType = sourcecode.c.c; path = CFStorage.c; sourceTree = "<group>"; };
		44B97C8A1B5D208600AABFFB /* CFStorage.h */ = {isa = PBXFileReference; lastKnownFileType = sourcecode.c.h; path = CFStorage.h; sourceTree = "<group>"; };
		44B97C8B1B5D208600AABFFB /* CFStream.c */ = {isa = PBXFileReference; lastKnownFileType = sourcecode.c.c; path = CFStream.c; sourceTree = "<group>"; };
		44B97C8C1B5D208600AABFFB /* CFStream.h */ = {isa = PBXFileReference; lastKnownFileType = sourcecode.c.h; path = CFStream.h; sourceTree = "<group>"; };
		44B97C8D1B5D208600AABFFB /* CFStreamAbstract.h */ = {isa = PBXFileReference; lastKnownFileType = sourcecode.c.h; path = CFStreamAbstract.h; sourceTree = "<group>"; };
		44B97C8E1B5D208600AABFFB /* CFStreamInternal.h */ = {isa = PBXFileReference; lastKnownFileType = sourcecode.c.h; path = CFStreamInternal.h; sourceTree = "<group>"; };
		44B97C8F1B5D208600AABFFB /* CFStreamPriv.h */ = {isa = PBXFileReference; lastKnownFileType = sourcecode.c.h; path = CFStreamPriv.h; sourceTree = "<group>"; };
		44B97C901B5D208600AABFFB /* CFString.c */ = {isa = PBXFileReference; lastKnownFileType = sourcecode.c.c; path = CFString.c; sourceTree = "<group>"; };
		44B97C911B5D208600AABFFB /* CFString.h */ = {isa = PBXFileReference; lastKnownFileType = sourcecode.c.h; path = CFString.h; sourceTree = "<group>"; };
		44B97C921B5D208600AABFFB /* CFStringDefaultEncoding.h */ = {isa = PBXFileReference; lastKnownFileType = sourcecode.c.h; path = CFStringDefaultEncoding.h; sourceTree = "<group>"; };
		44B97C931B5D208600AABFFB /* CFStringEncodingConverter.c */ = {isa = PBXFileReference; lastKnownFileType = sourcecode.c.c; path = CFStringEncodingConverter.c; sourceTree = "<group>"; };
		44B97C941B5D208600AABFFB /* CFStringEncodingConverter.h */ = {isa = PBXFileReference; lastKnownFileType = sourcecode.c.h; path = CFStringEncodingConverter.h; sourceTree = "<group>"; };
		44B97C951B5D208600AABFFB /* CFStringEncodingConverterExt.h */ = {isa = PBXFileReference; lastKnownFileType = sourcecode.c.h; path = CFStringEncodingConverterExt.h; sourceTree = "<group>"; };
		44B97C961B5D208600AABFFB /* CFStringEncodingConverterPriv.h */ = {isa = PBXFileReference; lastKnownFileType = sourcecode.c.h; path = CFStringEncodingConverterPriv.h; sourceTree = "<group>"; };
		44B97C971B5D208600AABFFB /* CFStringEncodingDatabase.c */ = {isa = PBXFileReference; lastKnownFileType = sourcecode.c.c; path = CFStringEncodingDatabase.c; sourceTree = "<group>"; };
		44B97C981B5D208600AABFFB /* CFStringEncodingDatabase.h */ = {isa = PBXFileReference; lastKnownFileType = sourcecode.c.h; path = CFStringEncodingDatabase.h; sourceTree = "<group>"; };
		44B97C991B5D208600AABFFB /* CFStringEncodingExt.h */ = {isa = PBXFileReference; lastKnownFileType = sourcecode.c.h; path = CFStringEncodingExt.h; sourceTree = "<group>"; };
		44B97C9A1B5D208600AABFFB /* CFStringEncodings.c */ = {isa = PBXFileReference; lastKnownFileType = sourcecode.c.c; path = CFStringEncodings.c; sourceTree = "<group>"; };
		44B97C9B1B5D208600AABFFB /* CFStringScanner.c */ = {isa = PBXFileReference; lastKnownFileType = sourcecode.c.c; path = CFStringScanner.c; sourceTree = "<group>"; };
		44B97C9C1B5D208600AABFFB /* CFStringUtilities.c */ = {isa = PBXFileReference; lastKnownFileType = sourcecode.c.c; path = CFStringUtilities.c; sourceTree = "<group>"; };
		44B97C9D1B5D208600AABFFB /* CFSystemDirectories.c */ = {isa = PBXFileReference; lastKnownFileType = sourcecode.c.c; path = CFSystemDirectories.c; sourceTree = "<group>"; };
		44B97C9E1B5D208600AABFFB /* CFTimeZone.c */ = {isa = PBXFileReference; lastKnownFileType = sourcecode.c.c; path = CFTimeZone.c; sourceTree = "<group>"; };
		44B97C9F1B5D208600AABFFB /* CFTimeZone.h */ = {isa = PBXFileReference; lastKnownFileType = sourcecode.c.h; path = CFTimeZone.h; sourceTree = "<group>"; };
		44B97CA01B5D208600AABFFB /* CFTree.c */ = {isa = PBXFileReference; lastKnownFileType = sourcecode.c.c; path = CFTree.c; sourceTree = "<group>"; };
		44B97CA11B5D208600AABFFB /* CFTree.h */ = {isa = PBXFileReference; lastKnownFileType = sourcecode.c.h; path = CFTree.h; sourceTree = "<group>"; };
		44B97CA21B5D208600AABFFB /* CFUniChar.c */ = {isa = PBXFileReference; lastKnownFileType = sourcecode.c.c; path = CFUniChar.c; sourceTree = "<group>"; };
		44B97CA31B5D208600AABFFB /* CFUniChar.h */ = {isa = PBXFileReference; lastKnownFileType = sourcecode.c.h; path = CFUniChar.h; sourceTree = "<group>"; };
		44B97CA41B5D208600AABFFB /* CFUniCharPriv.h */ = {isa = PBXFileReference; lastKnownFileType = sourcecode.c.h; path = CFUniCharPriv.h; sourceTree = "<group>"; };
		44B97CA51B5D208600AABFFB /* CFUniCharPropertyDatabase.data */ = {isa = PBXFileReference; lastKnownFileType = file; path = CFUniCharPropertyDatabase.data; sourceTree = "<group>"; };
		44B97CA61B5D208600AABFFB /* CFUnicodeData-B.mapping */ = {isa = PBXFileReference; lastKnownFileType = file; path = "CFUnicodeData-B.mapping"; sourceTree = "<group>"; };
		44B97CA71B5D208600AABFFB /* CFUnicodeData-L.mapping */ = {isa = PBXFileReference; lastKnownFileType = file; path = "CFUnicodeData-L.mapping"; sourceTree = "<group>"; };
		44B97CA81B5D208600AABFFB /* CFUnicodeDecomposition.c */ = {isa = PBXFileReference; lastKnownFileType = sourcecode.c.c; path = CFUnicodeDecomposition.c; sourceTree = "<group>"; };
		44B97CA91B5D208600AABFFB /* CFUnicodeDecomposition.h */ = {isa = PBXFileReference; lastKnownFileType = sourcecode.c.h; path = CFUnicodeDecomposition.h; sourceTree = "<group>"; };
		44B97CAA1B5D208600AABFFB /* CFUnicodePrecomposition.c */ = {isa = PBXFileReference; lastKnownFileType = sourcecode.c.c; path = CFUnicodePrecomposition.c; sourceTree = "<group>"; };
		44B97CAB1B5D208600AABFFB /* CFUnicodePrecomposition.h */ = {isa = PBXFileReference; lastKnownFileType = sourcecode.c.h; path = CFUnicodePrecomposition.h; sourceTree = "<group>"; };
		44B97CAC1B5D208600AABFFB /* CFURL.c */ = {isa = PBXFileReference; lastKnownFileType = sourcecode.c.c; path = CFURL.c; sourceTree = "<group>"; };
		44B97CAD1B5D208600AABFFB /* CFURL.h */ = {isa = PBXFileReference; lastKnownFileType = sourcecode.c.h; path = CFURL.h; sourceTree = "<group>"; };
		44B97CAE1B5D208600AABFFB /* CFURL.inc.h */ = {isa = PBXFileReference; lastKnownFileType = sourcecode.c.h; path = CFURL.inc.h; sourceTree = "<group>"; };
		44B97CAF1B5D208600AABFFB /* CFURLAccess.c */ = {isa = PBXFileReference; lastKnownFileType = sourcecode.c.c; path = CFURLAccess.c; sourceTree = "<group>"; };
		44B97CB01B5D208600AABFFB /* CFURLAccess.h */ = {isa = PBXFileReference; lastKnownFileType = sourcecode.c.h; path = CFURLAccess.h; sourceTree = "<group>"; };
		44B97CB11B5D208600AABFFB /* CFURLPriv.h */ = {isa = PBXFileReference; lastKnownFileType = sourcecode.c.h; path = CFURLPriv.h; sourceTree = "<group>"; };
		44B97CB21B5D208600AABFFB /* CFUserNotification.c */ = {isa = PBXFileReference; lastKnownFileType = sourcecode.c.c; path = CFUserNotification.c; sourceTree = "<group>"; };
		44B97CB31B5D208600AABFFB /* CFUserNotification.h */ = {isa = PBXFileReference; lastKnownFileType = sourcecode.c.h; path = CFUserNotification.h; sourceTree = "<group>"; };
		44B97CB41B5D208600AABFFB /* CFUtilities.c */ = {isa = PBXFileReference; lastKnownFileType = sourcecode.c.c; path = CFUtilities.c; sourceTree = "<group>"; };
		44B97CB51B5D208600AABFFB /* CFUtilities.h */ = {isa = PBXFileReference; lastKnownFileType = sourcecode.c.h; path = CFUtilities.h; sourceTree = "<group>"; };
		44B97CB61B5D208600AABFFB /* CFUUID.c */ = {isa = PBXFileReference; lastKnownFileType = sourcecode.c.c; path = CFUUID.c; sourceTree = "<group>"; };
		44B97CB71B5D208600AABFFB /* CFUUID.h */ = {isa = PBXFileReference; lastKnownFileType = sourcecode.c.h; path = CFUUID.h; sourceTree = "<group>"; };
		44B97CB81B5D208600AABFFB /* CFVersion.c */ = {isa = PBXFileReference; lastKnownFileType = sourcecode.c.c; path = CFVersion.c; sourceTree = "<group>"; };
		44B97CB91B5D208600AABFFB /* CFWindowsUtilities.c */ = {isa = PBXFileReference; lastKnownFileType = sourcecode.c.c; path = CFWindowsUtilities.c; sourceTree = "<group>"; };
		44B97CBA1B5D208600AABFFB /* CFXMLInputStream.c */ = {isa = PBXFileReference; lastKnownFileType = sourcecode.c.c; path = CFXMLInputStream.c; sourceTree = "<group>"; };
		44B97CBB1B5D208600AABFFB /* CFXMLInputStream.h */ = {isa = PBXFileReference; lastKnownFileType = sourcecode.c.h; path = CFXMLInputStream.h; sourceTree = "<group>"; };
		44B97CBC1B5D208600AABFFB /* CFXMLNode.c */ = {isa = PBXFileReference; lastKnownFileType = sourcecode.c.c; path = CFXMLNode.c; sourceTree = "<group>"; };
		44B97CBD1B5D208600AABFFB /* CFXMLNode.h */ = {isa = PBXFileReference; lastKnownFileType = sourcecode.c.h; path = CFXMLNode.h; sourceTree = "<group>"; };
		44B97CBE1B5D208600AABFFB /* CFXMLParser.c */ = {isa = PBXFileReference; lastKnownFileType = sourcecode.c.c; path = CFXMLParser.c; sourceTree = "<group>"; };
		44B97CBF1B5D208600AABFFB /* CFXMLParser.h */ = {isa = PBXFileReference; lastKnownFileType = sourcecode.c.h; path = CFXMLParser.h; sourceTree = "<group>"; };
		44B97CC01B5D208600AABFFB /* CFXMLPreferencesDomain.c */ = {isa = PBXFileReference; lastKnownFileType = sourcecode.c.c; path = CFXMLPreferencesDomain.c; sourceTree = "<group>"; };
		44B97CC11B5D208600AABFFB /* CFXMLTree.c */ = {isa = PBXFileReference; lastKnownFileType = sourcecode.c.c; path = CFXMLTree.c; sourceTree = "<group>"; };
		44B97CC21B5D208600AABFFB /* CoreFoundation_Prefix.h */ = {isa = PBXFileReference; lastKnownFileType = sourcecode.c.h; path = CoreFoundation_Prefix.h; sourceTree = "<group>"; };
		44B97CC31B5D208600AABFFB /* CoreFoundation.h */ = {isa = PBXFileReference; lastKnownFileType = sourcecode.c.h; path = CoreFoundation.h; sourceTree = "<group>"; };
		44B97CC51B5D208600AABFFB /* plconvert.c */ = {isa = PBXFileReference; lastKnownFileType = sourcecode.c.c; path = plconvert.c; sourceTree = "<group>"; };
		44B97CC61B5D208700AABFFB /* ForFoundationOnly.h */ = {isa = PBXFileReference; lastKnownFileType = sourcecode.c.h; path = ForFoundationOnly.h; sourceTree = "<group>"; };
		44B97CC71B5D208700AABFFB /* Info.plist */ = {isa = PBXFileReference; lastKnownFileType = text.plist.xml; path = Info.plist; sourceTree = "<group>"; };
		44B97CC81B5D208700AABFFB /* Makefile */ = {isa = PBXFileReference; lastKnownFileType = sourcecode.make; path = Makefile; sourceTree = "<group>"; };
		44B97CC91B5D208700AABFFB /* MakefileLinux */ = {isa = PBXFileReference; lastKnownFileType = text; path = MakefileLinux; sourceTree = "<group>"; };
		44B97CCA1B5D208700AABFFB /* MakefileVersion */ = {isa = PBXFileReference; lastKnownFileType = text; path = MakefileVersion; sourceTree = "<group>"; };
		44B97CCB1B5D208700AABFFB /* plconvert.c */ = {isa = PBXFileReference; lastKnownFileType = sourcecode.c.c; path = plconvert.c; sourceTree = "<group>"; };
		44B97CCC1B5D208700AABFFB /* PropertyList.dtd */ = {isa = PBXFileReference; lastKnownFileType = text.xml; path = PropertyList.dtd; sourceTree = "<group>"; };
		44B97CCD1B5D208700AABFFB /* README_CFLITE */ = {isa = PBXFileReference; lastKnownFileType = text; path = README_CFLITE; sourceTree = "<group>"; };
		44B97CCE1B5D208700AABFFB /* SymbolAliases */ = {isa = PBXFileReference; lastKnownFileType = text; path = SymbolAliases; sourceTree = "<group>"; };
		44B97CCF1B5D208700AABFFB /* TargetConditionals.h */ = {isa = PBXFileReference; lastKnownFileType = sourcecode.c.h; path = TargetConditionals.h; sourceTree = "<group>"; };
		44B97CD11B5D403600AABFFB /* RuntimeDemoViewController.h */ = {isa = PBXFileReference; fileEncoding = 4; lastKnownFileType = sourcecode.c.h; path = RuntimeDemoViewController.h; sourceTree = "<group>"; };
		44B97CD21B5D403600AABFFB /* RuntimeDemoViewController.m */ = {isa = PBXFileReference; fileEncoding = 4; lastKnownFileType = sourcecode.c.objc; path = RuntimeDemoViewController.m; sourceTree = "<group>"; };
		44DD577E1B496BF8009FAE15 /* rocket.jpg */ = {isa = PBXFileReference; lastKnownFileType = image.jpeg; path = rocket.jpg; sourceTree = "<group>"; };
		44DD57801B4C0AA5009FAE15 /* CAShapeLayerDrawingViewController.h */ = {isa = PBXFileReference; fileEncoding = 4; lastKnownFileType = sourcecode.c.h; path = CAShapeLayerDrawingViewController.h; sourceTree = "<group>"; };
		44DD57811B4C0AA5009FAE15 /* CAShapeLayerDrawingViewController.m */ = {isa = PBXFileReference; fileEncoding = 4; lastKnownFileType = sourcecode.c.objc; path = CAShapeLayerDrawingViewController.m; sourceTree = "<group>"; };
		44DD57831B4C114B009FAE15 /* noun_project_347_2.png */ = {isa = PBXFileReference; lastKnownFileType = image.png; path = noun_project_347_2.png; sourceTree = "<group>"; };
		44DD57861B4C1986009FAE15 /* LowLevelConcurrencyAPIController.h */ = {isa = PBXFileReference; fileEncoding = 4; lastKnownFileType = sourcecode.c.h; path = LowLevelConcurrencyAPIController.h; sourceTree = "<group>"; };
		44DD57871B4C1986009FAE15 /* LowLevelConcurrencyAPIController.m */ = {isa = PBXFileReference; fileEncoding = 4; lastKnownFileType = sourcecode.c.objc; path = LowLevelConcurrencyAPIController.m; sourceTree = "<group>"; };
		44F2D3BC1C0407B400E1939C /* ImageInModuleViewController.h */ = {isa = PBXFileReference; fileEncoding = 4; lastKnownFileType = sourcecode.c.h; path = ImageInModuleViewController.h; sourceTree = "<group>"; };
		44F2D3BD1C0407B400E1939C /* ImageInModuleViewController.m */ = {isa = PBXFileReference; fileEncoding = 4; lastKnownFileType = sourcecode.c.objc; path = ImageInModuleViewController.m; sourceTree = "<group>"; };
		44F2D3C61C0412FF00E1939C /* ImageTool.h */ = {isa = PBXFileReference; fileEncoding = 4; lastKnownFileType = sourcecode.c.h; path = ImageTool.h; sourceTree = "<group>"; };
		44F2D3C71C0412FF00E1939C /* ImageTool.m */ = {isa = PBXFileReference; fileEncoding = 4; lastKnownFileType = sourcecode.c.objc; path = ImageTool.m; sourceTree = "<group>"; };
		44F2D3CB1C043CB400E1939C /* libStaticLibraryDemo.a */ = {isa = PBXFileReference; lastKnownFileType = archive.ar; name = libStaticLibraryDemo.a; path = "../../../Library/Developer/Xcode/DerivedData/CodeDemo-gmotrypxtgyzyydhheatvzhsiosb/Build/Products/Debug-iphoneos/libStaticLibraryDemo.a"; sourceTree = "<group>"; };
		44F2D3D61C0448D300E1939C /* DynamicFrameworkDemo.framework */ = {isa = PBXFileReference; explicitFileType = wrapper.framework; name = DynamicFrameworkDemo.framework; path = "/Users/weichao/Library/Developer/Xcode/DerivedData/CodeDemo-gmotrypxtgyzyydhheatvzhsiosb/Build/Products/Debug-iphoneos/DynamicFrameworkDemo.framework"; sourceTree = "<absolute>"; };
		44F2D4381C04764A00E1939C /* StaticFrameworkResource.bundle */ = {isa = PBXFileReference; lastKnownFileType = "wrapper.plug-in"; path = StaticFrameworkResource.bundle; sourceTree = "<group>"; };
		44F2D43C1C0476DE00E1939C /* StaticLibraryResource.bundle */ = {isa = PBXFileReference; lastKnownFileType = "wrapper.plug-in"; path = StaticLibraryResource.bundle; sourceTree = "<group>"; };
		A238E8F033300F4436A3129A /* libPods.a */ = {isa = PBXFileReference; explicitFileType = archive.ar; includeInIndex = 0; path = libPods.a; sourceTree = BUILT_PRODUCTS_DIR; };
/* End PBXFileReference section */

/* Begin PBXFrameworksBuildPhase section */
		443A12671B2DC30B0022C5E5 /* Frameworks */ = {
			isa = PBXFrameworksBuildPhase;
			buildActionMask = 2147483647;
			files = (
				44F2D3CD1C043F6000E1939C /* libStaticLibraryDemo.a in Frameworks */,
				44F2D3D71C0448D300E1939C /* DynamicFrameworkDemo.framework in Frameworks */,
				546C3988C228887F6CDEB4B1 /* libPods.a in Frameworks */,
			);
			runOnlyForDeploymentPostprocessing = 0;
		};
		443A12801B2DC30B0022C5E5 /* Frameworks */ = {
			isa = PBXFrameworksBuildPhase;
			buildActionMask = 2147483647;
			files = (
			);
			runOnlyForDeploymentPostprocessing = 0;
		};
/* End PBXFrameworksBuildPhase section */

/* Begin PBXGroup section */
		443A12611B2DC30B0022C5E5 = {
			isa = PBXGroup;
			children = (
				44F2D43C1C0476DE00E1939C /* StaticLibraryResource.bundle */,
				44F2D4381C04764A00E1939C /* StaticFrameworkResource.bundle */,
				443A126C1B2DC30B0022C5E5 /* CodeDemo */,
				443A12861B2DC30B0022C5E5 /* CodeDemoTests */,
				443A126B1B2DC30B0022C5E5 /* Products */,
				8643D24DF84532826C48453F /* Pods */,
				F4E019200EBC4836F0B251E6 /* Frameworks */,
			);
			sourceTree = "<group>";
		};
		443A126B1B2DC30B0022C5E5 /* Products */ = {
			isa = PBXGroup;
			children = (
				443A126A1B2DC30B0022C5E5 /* CodeDemo.app */,
				443A12831B2DC30B0022C5E5 /* CodeDemoTests.xctest */,
			);
			name = Products;
			sourceTree = "<group>";
		};
		443A126C1B2DC30B0022C5E5 /* CodeDemo */ = {
			isa = PBXGroup;
			children = (
				443A12711B2DC30B0022C5E5 /* AppDelegate.h */,
				443A12721B2DC30B0022C5E5 /* AppDelegate.m */,
				443A12741B2DC30B0022C5E5 /* ViewController.h */,
				443A12751B2DC30B0022C5E5 /* ViewController.m */,
				443A12771B2DC30B0022C5E5 /* Main.storyboard */,
				443A127A1B2DC30B0022C5E5 /* Images.xcassets */,
				443A127C1B2DC30B0022C5E5 /* LaunchScreen.xib */,
				44F2D3C51C0412ED00E1939C /* General */,
				4476E0CD1B3F9E0600B2E62A /* Controller */,
				4476E0CF1B3F9E0600B2E62A /* Macro */,
				4476E0D01B3F9E0600B2E62A /* Model */,
				4476E0D11B3F9E0600B2E62A /* Resource */,
				4476E0D21B3F9E0600B2E62A /* Vendor */,
				4476E0D31B3F9E0600B2E62A /* View */,
				443A126D1B2DC30B0022C5E5 /* Supporting Files */,
			);
			path = CodeDemo;
			sourceTree = "<group>";
		};
		443A126D1B2DC30B0022C5E5 /* Supporting Files */ = {
			isa = PBXGroup;
			children = (
				443A126E1B2DC30B0022C5E5 /* Info.plist */,
				443A126F1B2DC30B0022C5E5 /* main.m */,
			);
			name = "Supporting Files";
			sourceTree = "<group>";
		};
		443A12861B2DC30B0022C5E5 /* CodeDemoTests */ = {
			isa = PBXGroup;
			children = (
				443A12891B2DC30B0022C5E5 /* CodeDemoTests.m */,
				443A12871B2DC30B0022C5E5 /* Supporting Files */,
			);
			path = CodeDemoTests;
			sourceTree = "<group>";
		};
		443A12871B2DC30B0022C5E5 /* Supporting Files */ = {
			isa = PBXGroup;
			children = (
				443A12881B2DC30B0022C5E5 /* Info.plist */,
			);
			name = "Supporting Files";
			sourceTree = "<group>";
		};
		4476E0CD1B3F9E0600B2E62A /* Controller */ = {
			isa = PBXGroup;
			children = (
				4476E0D61B3FA42100B2E62A /* MainTableViewController */,
			);
			path = Controller;
			sourceTree = "<group>";
		};
		4476E0CF1B3F9E0600B2E62A /* Macro */ = {
			isa = PBXGroup;
			children = (
			);
			path = Macro;
			sourceTree = "<group>";
		};
		4476E0D01B3F9E0600B2E62A /* Model */ = {
			isa = PBXGroup;
			children = (
			);
			path = Model;
			sourceTree = "<group>";
		};
		4476E0D11B3F9E0600B2E62A /* Resource */ = {
			isa = PBXGroup;
			children = (
				4476E0DA1B3FB3A800B2E62A /* MainMenu.plist */,
			);
			path = Resource;
			sourceTree = "<group>";
		};
		4476E0D21B3F9E0600B2E62A /* Vendor */ = {
			isa = PBXGroup;
			children = (
				4486C11F1B56A636005626C6 /* CF */,
			);
			path = Vendor;
			sourceTree = "<group>";
		};
		4476E0D31B3F9E0600B2E62A /* View */ = {
			isa = PBXGroup;
			children = (
			);
			path = View;
			sourceTree = "<group>";
		};
		4476E0D61B3FA42100B2E62A /* MainTableViewController */ = {
			isa = PBXGroup;
			children = (
				4476E0D71B3FA45400B2E62A /* MainTableViewController.h */,
				4476E0D81B3FA45400B2E62A /* MainTableViewController.m */,
				44F2D3BB1C0403C700E1939C /* FrameworkAndLibrary */,
				44B97CD01B5D401400AABFFB /* Runtime */,
				4476E0DC1B40B48500B2E62A /* Animation */,
				44DD57851B4C1973009FAE15 /* Currency */,
			);
			path = MainTableViewController;
			sourceTree = "<group>";
		};
		4476E0DC1B40B48500B2E62A /* Animation */ = {
			isa = PBXGroup;
			children = (
				4476E0DD1B40B4A300B2E62A /* AnimationsExplainedViewController.h */,
				4476E0DE1B40B4A300B2E62A /* AnimationsExplainedViewController.m */,
				44DD577E1B496BF8009FAE15 /* rocket.jpg */,
				44DD57801B4C0AA5009FAE15 /* CAShapeLayerDrawingViewController.h */,
				44DD57811B4C0AA5009FAE15 /* CAShapeLayerDrawingViewController.m */,
				44299A5C1B65111F000780DC /* LayerTestViewController.h */,
				44299A5D1B65111F000780DC /* LayerTestViewController.m */,
				44DD57831B4C114B009FAE15 /* noun_project_347_2.png */,
				447D9C391B89FF2200CB83AC /* FrameAndBoundsDemoViewController.h */,
				447D9C3A1B89FF2200CB83AC /* FrameAndBoundsDemoViewController.m */,
			);
			path = Animation;
			sourceTree = "<group>";
		};
		4486C11F1B56A636005626C6 /* CF */ = {
			isa = PBXGroup;
			children = (
				44B97C2A1B5D208600AABFFB /* APPLE_LICENSE */,
				44B97C2E1B5D208600AABFFB /* CFApplicationPreferences.c */,
				44B97C2F1B5D208600AABFFB /* CFArray.c */,
				44B97C301B5D208600AABFFB /* CFArray.h */,
				44B97C311B5D208600AABFFB /* CFAvailability.h */,
				44B97C321B5D208600AABFFB /* CFBag.c */,
				44B97C331B5D208600AABFFB /* CFBag.h */,
				44B97C341B5D208600AABFFB /* CFBase.c */,
				44B97C351B5D208600AABFFB /* CFBase.h */,
				44B97C361B5D208600AABFFB /* CFBasicHash.c */,
				44B97C371B5D208600AABFFB /* CFBasicHash.h */,
				44B97C381B5D208600AABFFB /* CFBasicHashFindBucket.m */,
				44B97C391B5D208600AABFFB /* CFBigNumber.c */,
				44B97C3A1B5D208600AABFFB /* CFBigNumber.h */,
				44B97C3B1B5D208600AABFFB /* CFBinaryHeap.c */,
				44B97C3C1B5D208600AABFFB /* CFBinaryHeap.h */,
				44B97C3D1B5D208600AABFFB /* CFBinaryPList.c */,
				44B97C3E1B5D208600AABFFB /* CFBitVector.c */,
				44B97C3F1B5D208600AABFFB /* CFBitVector.h */,
				44B97C401B5D208600AABFFB /* CFBuiltinConverters.c */,
				44B97C411B5D208600AABFFB /* CFBundle_BinaryTypes.h */,
				44B97C421B5D208600AABFFB /* CFBundle_InfoPlist.c */,
				44B97C431B5D208600AABFFB /* CFBundle_Internal.h */,
				44B97C441B5D208600AABFFB /* CFBundle_Resources.c */,
				44B97C451B5D208600AABFFB /* CFBundle.c */,
				44B97C461B5D208600AABFFB /* CFBundle.h */,
				44B97C471B5D208600AABFFB /* CFBundlePriv.h */,
				44B97C481B5D208600AABFFB /* CFBurstTrie.c */,
				44B97C491B5D208600AABFFB /* CFBurstTrie.h */,
				44B97C4A1B5D208600AABFFB /* CFByteOrder.h */,
				44B97C4B1B5D208600AABFFB /* CFCalendar.c */,
				44B97C4C1B5D208600AABFFB /* CFCalendar.h */,
				44B97C4D1B5D208600AABFFB /* CFCharacterSet.c */,
				44B97C4E1B5D208600AABFFB /* CFCharacterSet.h */,
				44B97C4F1B5D208600AABFFB /* CFCharacterSetBitmaps.bitmap */,
				44B97C501B5D208600AABFFB /* CFCharacterSetPriv.h */,
				44B97C511B5D208600AABFFB /* CFConcreteStreams.c */,
				44B97C521B5D208600AABFFB /* CFData.c */,
				44B97C531B5D208600AABFFB /* CFData.h */,
				44B97C541B5D208600AABFFB /* CFDate.c */,
				44B97C551B5D208600AABFFB /* CFDate.h */,
				44B97C561B5D208600AABFFB /* CFDateFormatter.c */,
				44B97C571B5D208600AABFFB /* CFDateFormatter.h */,
				44B97C581B5D208600AABFFB /* CFDictionary.c */,
				44B97C591B5D208600AABFFB /* CFDictionary.h */,
				44B97C5A1B5D208600AABFFB /* CFError_Private.h */,
				44B97C5B1B5D208600AABFFB /* CFError.c */,
				44B97C5C1B5D208600AABFFB /* CFError.h */,
				44B97C5D1B5D208600AABFFB /* CFFileUtilities.c */,
				44B97C5E1B5D208600AABFFB /* CFICUConverters.c */,
				44B97C5F1B5D208600AABFFB /* CFICUConverters.h */,
				44B97C601B5D208600AABFFB /* CFICULogging.h */,
				44B97C611B5D208600AABFFB /* CFInternal.h */,
				44B97C621B5D208600AABFFB /* CFLocale.c */,
				44B97C631B5D208600AABFFB /* CFLocale.h */,
				44B97C641B5D208600AABFFB /* CFLocaleIdentifier.c */,
				44B97C651B5D208600AABFFB /* CFLocaleInternal.h */,
				44B97C661B5D208600AABFFB /* CFLocaleKeys.c */,
				44B97C671B5D208600AABFFB /* CFLogUtilities.h */,
				44B97C681B5D208600AABFFB /* CFMachPort.c */,
				44B97C691B5D208600AABFFB /* CFMachPort.h */,
				44B97C6A1B5D208600AABFFB /* CFMessagePort.c */,
				44B97C6B1B5D208600AABFFB /* CFMessagePort.h */,
				44B97C6C1B5D208600AABFFB /* CFNumber.c */,
				44B97C6D1B5D208600AABFFB /* CFNumber.h */,
				44B97C6E1B5D208600AABFFB /* CFNumberFormatter.c */,
				44B97C6F1B5D208600AABFFB /* CFNumberFormatter.h */,
				44B97C701B5D208600AABFFB /* CFOldStylePList.c */,
				44B97C711B5D208600AABFFB /* CFPlatform.c */,
				44B97C721B5D208600AABFFB /* CFPlatformConverters.c */,
				44B97C731B5D208600AABFFB /* CFPlugIn_Factory.c */,
				44B97C741B5D208600AABFFB /* CFPlugIn_Factory.h */,
				44B97C751B5D208600AABFFB /* CFPlugIn_Instance.c */,
				44B97C761B5D208600AABFFB /* CFPlugIn_PlugIn.c */,
				44B97C771B5D208600AABFFB /* CFPlugIn.c */,
				44B97C781B5D208600AABFFB /* CFPlugIn.h */,
				44B97C791B5D208600AABFFB /* CFPlugInCOM.h */,
				44B97C7A1B5D208600AABFFB /* CFPreferences.c */,
				44B97C7B1B5D208600AABFFB /* CFPreferences.h */,
				44B97C7C1B5D208600AABFFB /* CFPriv.h */,
				44B97C7D1B5D208600AABFFB /* CFPropertyList.c */,
				44B97C7E1B5D208600AABFFB /* CFPropertyList.h */,
				44B97C7F1B5D208600AABFFB /* CFRunLoop.c */,
				44B97C801B5D208600AABFFB /* CFRunLoop.h */,
				44B97C811B5D208600AABFFB /* CFRuntime.c */,
				44B97C821B5D208600AABFFB /* CFRuntime.h */,
				44B97C831B5D208600AABFFB /* CFSet.c */,
				44B97C841B5D208600AABFFB /* CFSet.h */,
				44B97C851B5D208600AABFFB /* CFSocket.c */,
				44B97C861B5D208600AABFFB /* CFSocket.h */,
				44B97C871B5D208600AABFFB /* CFSocketStream.c */,
				44B97C881B5D208600AABFFB /* CFSortFunctions.c */,
				44B97C891B5D208600AABFFB /* CFStorage.c */,
				44B97C8A1B5D208600AABFFB /* CFStorage.h */,
				44B97C8B1B5D208600AABFFB /* CFStream.c */,
				44B97C8C1B5D208600AABFFB /* CFStream.h */,
				44B97C8D1B5D208600AABFFB /* CFStreamAbstract.h */,
				44B97C8E1B5D208600AABFFB /* CFStreamInternal.h */,
				44B97C8F1B5D208600AABFFB /* CFStreamPriv.h */,
				44B97C901B5D208600AABFFB /* CFString.c */,
				44B97C911B5D208600AABFFB /* CFString.h */,
				44B97C921B5D208600AABFFB /* CFStringDefaultEncoding.h */,
				44B97C931B5D208600AABFFB /* CFStringEncodingConverter.c */,
				44B97C941B5D208600AABFFB /* CFStringEncodingConverter.h */,
				44B97C951B5D208600AABFFB /* CFStringEncodingConverterExt.h */,
				44B97C961B5D208600AABFFB /* CFStringEncodingConverterPriv.h */,
				44B97C971B5D208600AABFFB /* CFStringEncodingDatabase.c */,
				44B97C981B5D208600AABFFB /* CFStringEncodingDatabase.h */,
				44B97C991B5D208600AABFFB /* CFStringEncodingExt.h */,
				44B97C9A1B5D208600AABFFB /* CFStringEncodings.c */,
				44B97C9B1B5D208600AABFFB /* CFStringScanner.c */,
				44B97C9C1B5D208600AABFFB /* CFStringUtilities.c */,
				44B97C9D1B5D208600AABFFB /* CFSystemDirectories.c */,
				44B97C9E1B5D208600AABFFB /* CFTimeZone.c */,
				44B97C9F1B5D208600AABFFB /* CFTimeZone.h */,
				44B97CA01B5D208600AABFFB /* CFTree.c */,
				44B97CA11B5D208600AABFFB /* CFTree.h */,
				44B97CA21B5D208600AABFFB /* CFUniChar.c */,
				44B97CA31B5D208600AABFFB /* CFUniChar.h */,
				44B97CA41B5D208600AABFFB /* CFUniCharPriv.h */,
				44B97CA51B5D208600AABFFB /* CFUniCharPropertyDatabase.data */,
				44B97CA61B5D208600AABFFB /* CFUnicodeData-B.mapping */,
				44B97CA71B5D208600AABFFB /* CFUnicodeData-L.mapping */,
				44B97CA81B5D208600AABFFB /* CFUnicodeDecomposition.c */,
				44B97CA91B5D208600AABFFB /* CFUnicodeDecomposition.h */,
				44B97CAA1B5D208600AABFFB /* CFUnicodePrecomposition.c */,
				44B97CAB1B5D208600AABFFB /* CFUnicodePrecomposition.h */,
				44B97CAC1B5D208600AABFFB /* CFURL.c */,
				44B97CAD1B5D208600AABFFB /* CFURL.h */,
				44B97CAE1B5D208600AABFFB /* CFURL.inc.h */,
				44B97CAF1B5D208600AABFFB /* CFURLAccess.c */,
				44B97CB01B5D208600AABFFB /* CFURLAccess.h */,
				44B97CB11B5D208600AABFFB /* CFURLPriv.h */,
				44B97CB21B5D208600AABFFB /* CFUserNotification.c */,
				44B97CB31B5D208600AABFFB /* CFUserNotification.h */,
				44B97CB41B5D208600AABFFB /* CFUtilities.c */,
				44B97CB51B5D208600AABFFB /* CFUtilities.h */,
				44B97CB61B5D208600AABFFB /* CFUUID.c */,
				44B97CB71B5D208600AABFFB /* CFUUID.h */,
				44B97CB81B5D208600AABFFB /* CFVersion.c */,
				44B97CB91B5D208600AABFFB /* CFWindowsUtilities.c */,
				44B97CBA1B5D208600AABFFB /* CFXMLInputStream.c */,
				44B97CBB1B5D208600AABFFB /* CFXMLInputStream.h */,
				44B97CBC1B5D208600AABFFB /* CFXMLNode.c */,
				44B97CBD1B5D208600AABFFB /* CFXMLNode.h */,
				44B97CBE1B5D208600AABFFB /* CFXMLParser.c */,
				44B97CBF1B5D208600AABFFB /* CFXMLParser.h */,
				44B97CC01B5D208600AABFFB /* CFXMLPreferencesDomain.c */,
				44B97CC11B5D208600AABFFB /* CFXMLTree.c */,
				44B97CC21B5D208600AABFFB /* CoreFoundation_Prefix.h */,
				44B97CC31B5D208600AABFFB /* CoreFoundation.h */,
				44B97CC41B5D208600AABFFB /* Examples */,
				44B97CC61B5D208700AABFFB /* ForFoundationOnly.h */,
				44B97CC71B5D208700AABFFB /* Info.plist */,
				44B97CC81B5D208700AABFFB /* Makefile */,
				44B97CC91B5D208700AABFFB /* MakefileLinux */,
				44B97CCA1B5D208700AABFFB /* MakefileVersion */,
				44B97CCB1B5D208700AABFFB /* plconvert.c */,
				44B97CCC1B5D208700AABFFB /* PropertyList.dtd */,
				44B97CCD1B5D208700AABFFB /* README_CFLITE */,
				44B97CCE1B5D208700AABFFB /* SymbolAliases */,
				44B97CCF1B5D208700AABFFB /* TargetConditionals.h */,
			);
			path = CF;
			sourceTree = "<group>";
		};
		44B97CC41B5D208600AABFFB /* Examples */ = {
			isa = PBXGroup;
			children = (
				44B97CC51B5D208600AABFFB /* plconvert.c */,
			);
			path = Examples;
			sourceTree = "<group>";
		};
		44B97CD01B5D401400AABFFB /* Runtime */ = {
			isa = PBXGroup;
			children = (
				44B97CD11B5D403600AABFFB /* RuntimeDemoViewController.h */,
				44B97CD21B5D403600AABFFB /* RuntimeDemoViewController.m */,
			);
			path = Runtime;
			sourceTree = "<group>";
		};
		44DD57851B4C1973009FAE15 /* Currency */ = {
			isa = PBXGroup;
			children = (
				44DD57861B4C1986009FAE15 /* LowLevelConcurrencyAPIController.h */,
				44DD57871B4C1986009FAE15 /* LowLevelConcurrencyAPIController.m */,
			);
			path = Currency;
			sourceTree = "<group>";
		};
		44F2D3BB1C0403C700E1939C /* FrameworkAndLibrary */ = {
			isa = PBXGroup;
			children = (
				44F2D3BC1C0407B400E1939C /* ImageInModuleViewController.h */,
				44F2D3BD1C0407B400E1939C /* ImageInModuleViewController.m */,
			);
			path = FrameworkAndLibrary;
			sourceTree = "<group>";
		};
		44F2D3C51C0412ED00E1939C /* General */ = {
			isa = PBXGroup;
			children = (
				44F2D3C61C0412FF00E1939C /* ImageTool.h */,
				44F2D3C71C0412FF00E1939C /* ImageTool.m */,
			);
			path = General;
			sourceTree = "<group>";
		};
		8643D24DF84532826C48453F /* Pods */ = {
			isa = PBXGroup;
			children = (
				26E9E7BBC3BBE5BFFE65BCEF /* Pods.debug.xcconfig */,
				448A5BB02C28786A80C03A7B /* Pods.release.xcconfig */,
			);
			name = Pods;
			sourceTree = "<group>";
		};
		F4E019200EBC4836F0B251E6 /* Frameworks */ = {
			isa = PBXGroup;
			children = (
				44F2D3D61C0448D300E1939C /* DynamicFrameworkDemo.framework */,
				44F2D3CB1C043CB400E1939C /* libStaticLibraryDemo.a */,
				A238E8F033300F4436A3129A /* libPods.a */,
			);
			name = Frameworks;
			sourceTree = "<group>";
		};
/* End PBXGroup section */

/* Begin PBXNativeTarget section */
		443A12691B2DC30B0022C5E5 /* CodeDemo */ = {
			isa = PBXNativeTarget;
			buildConfigurationList = 443A128D1B2DC30B0022C5E5 /* Build configuration list for PBXNativeTarget "CodeDemo" */;
			buildPhases = (
				1702E2785C47B1B09E254E01 /* Check Pods Manifest.lock */,
				443A12661B2DC30B0022C5E5 /* Sources */,
				443A12671B2DC30B0022C5E5 /* Frameworks */,
				443A12681B2DC30B0022C5E5 /* Resources */,
				27C7A3BA52150C4E02A58BD4 /* Copy Pods Resources */,
				44F2D3D91C0448D400E1939C /* Embed Frameworks */,
			);
			buildRules = (
			);
			dependencies = (
			);
			name = CodeDemo;
			productName = CodeDemo;
			productReference = 443A126A1B2DC30B0022C5E5 /* CodeDemo.app */;
			productType = "com.apple.product-type.application";
		};
		443A12821B2DC30B0022C5E5 /* CodeDemoTests */ = {
			isa = PBXNativeTarget;
			buildConfigurationList = 443A12901B2DC30B0022C5E5 /* Build configuration list for PBXNativeTarget "CodeDemoTests" */;
			buildPhases = (
				443A127F1B2DC30B0022C5E5 /* Sources */,
				443A12801B2DC30B0022C5E5 /* Frameworks */,
				443A12811B2DC30B0022C5E5 /* Resources */,
			);
			buildRules = (
			);
			dependencies = (
				443A12851B2DC30B0022C5E5 /* PBXTargetDependency */,
			);
			name = CodeDemoTests;
			productName = CodeDemoTests;
			productReference = 443A12831B2DC30B0022C5E5 /* CodeDemoTests.xctest */;
			productType = "com.apple.product-type.bundle.unit-test";
		};
/* End PBXNativeTarget section */

/* Begin PBXProject section */
		443A12621B2DC30B0022C5E5 /* Project object */ = {
			isa = PBXProject;
			attributes = {
				LastUpgradeCheck = 0630;
				ORGANIZATIONNAME = FatGragon;
				TargetAttributes = {
					443A12691B2DC30B0022C5E5 = {
						CreatedOnToolsVersion = 6.3.1;
					};
					443A12821B2DC30B0022C5E5 = {
						CreatedOnToolsVersion = 6.3.1;
						TestTargetID = 443A12691B2DC30B0022C5E5;
					};
				};
			};
			buildConfigurationList = 443A12651B2DC30B0022C5E5 /* Build configuration list for PBXProject "CodeDemo" */;
			compatibilityVersion = "Xcode 3.2";
			developmentRegion = English;
			hasScannedForEncodings = 0;
			knownRegions = (
				en,
				Base,
			);
			mainGroup = 443A12611B2DC30B0022C5E5;
			productRefGroup = 443A126B1B2DC30B0022C5E5 /* Products */;
			projectDirPath = "";
			projectRoot = "";
			targets = (
				443A12691B2DC30B0022C5E5 /* CodeDemo */,
				443A12821B2DC30B0022C5E5 /* CodeDemoTests */,
			);
		};
/* End PBXProject section */

/* Begin PBXResourcesBuildPhase section */
		443A12681B2DC30B0022C5E5 /* Resources */ = {
			isa = PBXResourcesBuildPhase;
			buildActionMask = 2147483647;
			files = (
				4476E0DB1B3FB3A800B2E62A /* MainMenu.plist in Resources */,
				44DD577F1B496BF8009FAE15 /* rocket.jpg in Resources */,
				443A12791B2DC30B0022C5E5 /* Main.storyboard in Resources */,
				44DD57841B4C114B009FAE15 /* noun_project_347_2.png in Resources */,
				443A127E1B2DC30B0022C5E5 /* LaunchScreen.xib in Resources */,
				443A127B1B2DC30B0022C5E5 /* Images.xcassets in Resources */,
				44F2D43D1C0476DE00E1939C /* StaticLibraryResource.bundle in Resources */,
				44F2D4391C04764A00E1939C /* StaticFrameworkResource.bundle in Resources */,
			);
			runOnlyForDeploymentPostprocessing = 0;
		};
		443A12811B2DC30B0022C5E5 /* Resources */ = {
			isa = PBXResourcesBuildPhase;
			buildActionMask = 2147483647;
			files = (
			);
			runOnlyForDeploymentPostprocessing = 0;
		};
/* End PBXResourcesBuildPhase section */

/* Begin PBXShellScriptBuildPhase section */
		1702E2785C47B1B09E254E01 /* Check Pods Manifest.lock */ = {
			isa = PBXShellScriptBuildPhase;
			buildActionMask = 2147483647;
			files = (
			);
			inputPaths = (
			);
			name = "Check Pods Manifest.lock";
			outputPaths = (
			);
			runOnlyForDeploymentPostprocessing = 0;
			shellPath = /bin/sh;
			shellScript = "diff \"${PODS_ROOT}/../Podfile.lock\" \"${PODS_ROOT}/Manifest.lock\" > /dev/null\nif [[ $? != 0 ]] ; then\n    cat << EOM\nerror: The sandbox is not in sync with the Podfile.lock. Run 'pod install' or update your CocoaPods installation.\nEOM\n    exit 1\nfi\n";
			showEnvVarsInLog = 0;
		};
		27C7A3BA52150C4E02A58BD4 /* Copy Pods Resources */ = {
			isa = PBXShellScriptBuildPhase;
			buildActionMask = 2147483647;
			files = (
			);
			inputPaths = (
			);
			name = "Copy Pods Resources";
			outputPaths = (
			);
			runOnlyForDeploymentPostprocessing = 0;
			shellPath = /bin/sh;
			shellScript = "\"${SRCROOT}/Pods/Target Support Files/Pods/Pods-resources.sh\"\n";
			showEnvVarsInLog = 0;
		};
/* End PBXShellScriptBuildPhase section */

/* Begin PBXSourcesBuildPhase section */
		443A12661B2DC30B0022C5E5 /* Sources */ = {
			isa = PBXSourcesBuildPhase;
			buildActionMask = 2147483647;
			files = (
				4476E0D91B3FA45400B2E62A /* MainTableViewController.m in Sources */,
				44DD57821B4C0AA5009FAE15 /* CAShapeLayerDrawingViewController.m in Sources */,
				447D9C3B1B89FF2200CB83AC /* FrameAndBoundsDemoViewController.m in Sources */,
				44299A5E1B65111F000780DC /* LayerTestViewController.m in Sources */,
				443A12761B2DC30B0022C5E5 /* ViewController.m in Sources */,
				443A12731B2DC30B0022C5E5 /* AppDelegate.m in Sources */,
				44F2D3BE1C0407B400E1939C /* ImageInModuleViewController.m in Sources */,
				44F2D3C81C0412FF00E1939C /* ImageTool.m in Sources */,
				443A12701B2DC30B0022C5E5 /* main.m in Sources */,
				44DD57881B4C1986009FAE15 /* LowLevelConcurrencyAPIController.m in Sources */,
				44B97CD31B5D403600AABFFB /* RuntimeDemoViewController.m in Sources */,
				4476E0DF1B40B4A300B2E62A /* AnimationsExplainedViewController.m in Sources */,
			);
			runOnlyForDeploymentPostprocessing = 0;
		};
		443A127F1B2DC30B0022C5E5 /* Sources */ = {
			isa = PBXSourcesBuildPhase;
			buildActionMask = 2147483647;
			files = (
				443A128A1B2DC30B0022C5E5 /* CodeDemoTests.m in Sources */,
			);
			runOnlyForDeploymentPostprocessing = 0;
		};
/* End PBXSourcesBuildPhase section */

/* Begin PBXTargetDependency section */
		443A12851B2DC30B0022C5E5 /* PBXTargetDependency */ = {
			isa = PBXTargetDependency;
			target = 443A12691B2DC30B0022C5E5 /* CodeDemo */;
			targetProxy = 443A12841B2DC30B0022C5E5 /* PBXContainerItemProxy */;
		};
/* End PBXTargetDependency section */

/* Begin PBXVariantGroup section */
		443A12771B2DC30B0022C5E5 /* Main.storyboard */ = {
			isa = PBXVariantGroup;
			children = (
				443A12781B2DC30B0022C5E5 /* Base */,
			);
			name = Main.storyboard;
			sourceTree = "<group>";
		};
		443A127C1B2DC30B0022C5E5 /* LaunchScreen.xib */ = {
			isa = PBXVariantGroup;
			children = (
				443A127D1B2DC30B0022C5E5 /* Base */,
			);
			name = LaunchScreen.xib;
			sourceTree = "<group>";
		};
/* End PBXVariantGroup section */

/* Begin XCBuildConfiguration section */
		443A128B1B2DC30B0022C5E5 /* Debug */ = {
			isa = XCBuildConfiguration;
			buildSettings = {
				ALWAYS_SEARCH_USER_PATHS = NO;
				CLANG_CXX_LANGUAGE_STANDARD = "gnu++0x";
				CLANG_CXX_LIBRARY = "libc++";
				CLANG_ENABLE_MODULES = YES;
				CLANG_ENABLE_OBJC_ARC = YES;
				CLANG_WARN_BOOL_CONVERSION = YES;
				CLANG_WARN_CONSTANT_CONVERSION = YES;
				CLANG_WARN_DIRECT_OBJC_ISA_USAGE = YES_ERROR;
				CLANG_WARN_EMPTY_BODY = YES;
				CLANG_WARN_ENUM_CONVERSION = YES;
				CLANG_WARN_INT_CONVERSION = YES;
				CLANG_WARN_OBJC_ROOT_CLASS = YES_ERROR;
				CLANG_WARN_UNREACHABLE_CODE = YES;
				CLANG_WARN__DUPLICATE_METHOD_MATCH = YES;
				"CODE_SIGN_IDENTITY[sdk=iphoneos*]" = "iPhone Developer";
				COPY_PHASE_STRIP = NO;
				DEBUG_INFORMATION_FORMAT = "dwarf-with-dsym";
				ENABLE_STRICT_OBJC_MSGSEND = YES;
				GCC_C_LANGUAGE_STANDARD = gnu99;
				GCC_DYNAMIC_NO_PIC = NO;
				GCC_NO_COMMON_BLOCKS = YES;
				GCC_OPTIMIZATION_LEVEL = 0;
				GCC_PREPROCESSOR_DEFINITIONS = (
					"DEBUG=1",
					"$(inherited)",
				);
				GCC_SYMBOLS_PRIVATE_EXTERN = NO;
				GCC_WARN_64_TO_32_BIT_CONVERSION = YES;
				GCC_WARN_ABOUT_RETURN_TYPE = YES_ERROR;
				GCC_WARN_UNDECLARED_SELECTOR = YES;
				GCC_WARN_UNINITIALIZED_AUTOS = YES_AGGRESSIVE;
				GCC_WARN_UNUSED_FUNCTION = YES;
				GCC_WARN_UNUSED_VARIABLE = YES;
				IPHONEOS_DEPLOYMENT_TARGET = 8.3;
				MTL_ENABLE_DEBUG_INFO = YES;
				ONLY_ACTIVE_ARCH = YES;
				SDKROOT = iphoneos;
			};
			name = Debug;
		};
		443A128C1B2DC30B0022C5E5 /* Release */ = {
			isa = XCBuildConfiguration;
			buildSettings = {
				ALWAYS_SEARCH_USER_PATHS = NO;
				CLANG_CXX_LANGUAGE_STANDARD = "gnu++0x";
				CLANG_CXX_LIBRARY = "libc++";
				CLANG_ENABLE_MODULES = YES;
				CLANG_ENABLE_OBJC_ARC = YES;
				CLANG_WARN_BOOL_CONVERSION = YES;
				CLANG_WARN_CONSTANT_CONVERSION = YES;
				CLANG_WARN_DIRECT_OBJC_ISA_USAGE = YES_ERROR;
				CLANG_WARN_EMPTY_BODY = YES;
				CLANG_WARN_ENUM_CONVERSION = YES;
				CLANG_WARN_INT_CONVERSION = YES;
				CLANG_WARN_OBJC_ROOT_CLASS = YES_ERROR;
				CLANG_WARN_UNREACHABLE_CODE = YES;
				CLANG_WARN__DUPLICATE_METHOD_MATCH = YES;
				"CODE_SIGN_IDENTITY[sdk=iphoneos*]" = "iPhone Developer";
				COPY_PHASE_STRIP = NO;
				DEBUG_INFORMATION_FORMAT = "dwarf-with-dsym";
				ENABLE_NS_ASSERTIONS = NO;
				ENABLE_STRICT_OBJC_MSGSEND = YES;
				GCC_C_LANGUAGE_STANDARD = gnu99;
				GCC_NO_COMMON_BLOCKS = YES;
				GCC_WARN_64_TO_32_BIT_CONVERSION = YES;
				GCC_WARN_ABOUT_RETURN_TYPE = YES_ERROR;
				GCC_WARN_UNDECLARED_SELECTOR = YES;
				GCC_WARN_UNINITIALIZED_AUTOS = YES_AGGRESSIVE;
				GCC_WARN_UNUSED_FUNCTION = YES;
				GCC_WARN_UNUSED_VARIABLE = YES;
				IPHONEOS_DEPLOYMENT_TARGET = 8.3;
				MTL_ENABLE_DEBUG_INFO = NO;
				SDKROOT = iphoneos;
				VALIDATE_PRODUCT = YES;
			};
			name = Release;
		};
		443A128E1B2DC30B0022C5E5 /* Debug */ = {
			isa = XCBuildConfiguration;
			baseConfigurationReference = 26E9E7BBC3BBE5BFFE65BCEF /* Pods.debug.xcconfig */;
			buildSettings = {
				ASSETCATALOG_COMPILER_APPICON_NAME = AppIcon;
				CODE_SIGN_IDENTITY = "iPhone Developer";
				FRAMEWORK_SEARCH_PATHS = (
					"$(inherited)",
					"$(PROJECT_DIR)/SubModules/DynamicFrameworkDemo/DynamicFrameworkDemo/build/Debug-iphoneos",
					"$(PROJECT_DIR)/SubModules/StaticFrameworkDemo/StaticFrameworkDemo/build/Debug-iphoneos",
				);
				HEADER_SEARCH_PATHS = (
					"$(inherited)",
					"\"${PODS_ROOT}/Headers/Public\"",
					"\"${PODS_ROOT}/Headers/Public/AFNetworking\"",
					"\"${PODS_ROOT}/Headers/Public/MBProgressHUD\"",
					"\"${PODS_ROOT}/Headers/Public/MJRefresh\"",
					"\"${PODS_ROOT}/Headers/Public/RBBAnimation\"",
					"\"${PODS_ROOT}/Headers/Public/Reachability\"",
					"\"${PODS_ROOT}/Headers/Public/SDURLCache\"",
					"\"${PODS_ROOT}/Headers/Public/SDWebImage\"",
					"\"${PODS_ROOT}/Headers/Public/SVPullToRefresh\"",
					"\"${PODS_ROOT}/Headers/Public/UIActivityIndicator-for-SDWebImage\"",
					"\"${PODS_ROOT}/Headers/Public/pop\"",
					"\"${PODS_ROOT}/Headers/Public/uidevice-extension\"",
					"SubModules/StaticLibraryDemo/**",
				);
				INFOPLIST_FILE = CodeDemo/Info.plist;
				LD_RUNPATH_SEARCH_PATHS = "$(inherited) @executable_path/Frameworks";
				LIBRARY_SEARCH_PATHS = (
					"$(inherited)",
					"$(PROJECT_DIR)/SubModules/StaticLibraryDemo/build/Debug-iphoneos",
				);
				PRODUCT_NAME = "$(TARGET_NAME)";
				PROVISIONING_PROFILE = "";
			};
			name = Debug;
		};
		443A128F1B2DC30B0022C5E5 /* Release */ = {
			isa = XCBuildConfiguration;
			baseConfigurationReference = 448A5BB02C28786A80C03A7B /* Pods.release.xcconfig */;
			buildSettings = {
				ASSETCATALOG_COMPILER_APPICON_NAME = AppIcon;
				CODE_SIGN_IDENTITY = "iPhone Developer";
				FRAMEWORK_SEARCH_PATHS = (
					"$(inherited)",
					"$(PROJECT_DIR)/SubModules/DynamicFrameworkDemo/DynamicFrameworkDemo/build/Debug-iphoneos",
					"$(PROJECT_DIR)/SubModules/StaticFrameworkDemo/StaticFrameworkDemo/build/Debug-iphoneos",
				);
				HEADER_SEARCH_PATHS = (
					"$(inherited)",
					"\"${PODS_ROOT}/Headers/Public\"",
					"\"${PODS_ROOT}/Headers/Public/AFNetworking\"",
					"\"${PODS_ROOT}/Headers/Public/MBProgressHUD\"",
					"\"${PODS_ROOT}/Headers/Public/MJRefresh\"",
					"\"${PODS_ROOT}/Headers/Public/RBBAnimation\"",
					"\"${PODS_ROOT}/Headers/Public/Reachability\"",
					"\"${PODS_ROOT}/Headers/Public/SDURLCache\"",
					"\"${PODS_ROOT}/Headers/Public/SDWebImage\"",
					"\"${PODS_ROOT}/Headers/Public/SVPullToRefresh\"",
					"\"${PODS_ROOT}/Headers/Public/UIActivityIndicator-for-SDWebImage\"",
					"\"${PODS_ROOT}/Headers/Public/pop\"",
					"\"${PODS_ROOT}/Headers/Public/uidevice-extension\"",
					"SubModules/StaticLibraryDemo/**",
				);
				INFOPLIST_FILE = CodeDemo/Info.plist;
				LD_RUNPATH_SEARCH_PATHS = "$(inherited) @executable_path/Frameworks";
				LIBRARY_SEARCH_PATHS = (
					"$(inherited)",
					"$(PROJECT_DIR)/SubModules/StaticLibraryDemo/build/Debug-iphoneos",
				);
				PRODUCT_NAME = "$(TARGET_NAME)";
				PROVISIONING_PROFILE = "";
			};
			name = Release;
		};
		443A12911B2DC30B0022C5E5 /* Debug */ = {
			isa = XCBuildConfiguration;
			buildSettings = {
				BUNDLE_LOADER = "$(TEST_HOST)";
				FRAMEWORK_SEARCH_PATHS = (
					"$(SDKROOT)/Developer/Library/Frameworks",
					"$(inherited)",
				);
				GCC_PREPROCESSOR_DEFINITIONS = (
					"DEBUG=1",
					"$(inherited)",
				);
				INFOPLIST_FILE = CodeDemoTests/Info.plist;
				LD_RUNPATH_SEARCH_PATHS = "$(inherited) @executable_path/Frameworks @loader_path/Frameworks";
				PRODUCT_NAME = "$(TARGET_NAME)";
				TEST_HOST = "$(BUILT_PRODUCTS_DIR)/CodeDemo.app/CodeDemo";
			};
			name = Debug;
		};
		443A12921B2DC30B0022C5E5 /* Release */ = {
			isa = XCBuildConfiguration;
			buildSettings = {
				BUNDLE_LOADER = "$(TEST_HOST)";
				FRAMEWORK_SEARCH_PATHS = (
					"$(SDKROOT)/Developer/Library/Frameworks",
					"$(inherited)",
				);
				INFOPLIST_FILE = CodeDemoTests/Info.plist;
				LD_RUNPATH_SEARCH_PATHS = "$(inherited) @executable_path/Frameworks @loader_path/Frameworks";
				PRODUCT_NAME = "$(TARGET_NAME)";
				TEST_HOST = "$(BUILT_PRODUCTS_DIR)/CodeDemo.app/CodeDemo";
			};
			name = Release;
		};
/* End XCBuildConfiguration section */

/* Begin XCConfigurationList section */
		443A12651B2DC30B0022C5E5 /* Build configuration list for PBXProject "CodeDemo" */ = {
			isa = XCConfigurationList;
			buildConfigurations = (
				443A128B1B2DC30B0022C5E5 /* Debug */,
				443A128C1B2DC30B0022C5E5 /* Release */,
			);
			defaultConfigurationIsVisible = 0;
			defaultConfigurationName = Release;
		};
		443A128D1B2DC30B0022C5E5 /* Build configuration list for PBXNativeTarget "CodeDemo" */ = {
			isa = XCConfigurationList;
			buildConfigurations = (
				443A128E1B2DC30B0022C5E5 /* Debug */,
				443A128F1B2DC30B0022C5E5 /* Release */,
			);
			defaultConfigurationIsVisible = 0;
			defaultConfigurationName = Release;
		};
		443A12901B2DC30B0022C5E5 /* Build configuration list for PBXNativeTarget "CodeDemoTests" */ = {
			isa = XCConfigurationList;
			buildConfigurations = (
				443A12911B2DC30B0022C5E5 /* Debug */,
				443A12921B2DC30B0022C5E5 /* Release */,
			);
			defaultConfigurationIsVisible = 0;
			defaultConfigurationName = Release;
		};
/* End XCConfigurationList section */
	};
	rootObject = 443A12621B2DC30B0022C5E5 /* Project object */;
}
